# This file is autogenerated, do not edit; changes may be undone by the next 'dep ensure'.


[[projects]]
  name = "github.com/jessevdk/go-flags"
  packages = ["."]
  revision = "96dc06278ce32a0e9d957d590bb987c81ee66407"
  version = "v1.3.0"

[[projects]]
  name = "github.com/rs/zerolog"
  packages = [".","internal/json","log"]
  revision = "3ac71fc58dbd43122668a912b755b0979ba9ce1f"
  version = "v1.3.0"

[solve-meta]
  analyzer-name = "dep"
  analyzer-version = 1
  inputs-digest = "50f29ff31b9b5c56acf2da259e052f0b5e07c51a9df407df37be3e1fb12534d2"
  solver-name = "gps-cdcl"
  solver-version = 1
