# This file is autogenerated, do not edit; changes may be undone by the next 'dep ensure'.


[[projects]]
  branch = "master"
  name = "github.com/beorn7/perks"
  packages = ["quantile"]
  revision = "4c0e84591b9aa9e6dcfdf3e020114cd81f89d5f9"

[[projects]]
  branch = "master"
  name = "github.com/golang/protobuf"
  packages = ["proto"]
  revision = "130e6b02ab059e7b717a096f397c5b60111cae74"

[[projects]]
  name = "github.com/gorilla/websocket"
  packages = ["."]
  revision = "ea4d1f681babbce9545c9c5f3d5194a789c89f5b"
  version = "v1.2.0"

[[projects]]
  name = "github.com/jessevdk/go-flags"
  packages = ["."]
  revision = "96dc06278ce32a0e9d957d590bb987c81ee66407"
  version = "v1.3.0"

[[projects]]
  name = "github.com/matttproud/golang_protobuf_extensions"
  packages = ["pbutil"]
  revision = "3247c84500bff8d9fb6d579d800f20b3e091582c"
  version = "v1.0.0"

[[projects]]
  branch = "master"
  name = "github.com/nexeck/graceful"
  packages = ["http"]
  revision = "251f3e61123697ae71a19affb2238ff181be1406"

[[projects]]
  branch = "master"
  name = "github.com/nexeck/multicast"
  packages = ["."]
  revision = "e3b39442bd279543045550f66b55f8138643c435"

[[projects]]
  branch = "master"
  name = "github.com/prometheus/client_golang"
  packages = ["prometheus","prometheus/promhttp"]
  revision = "5cec1d0429b02e4323e042eb04dafdb079ddf568"

[[projects]]
  branch = "master"
  name = "github.com/prometheus/client_model"
  packages = ["go"]
  revision = "6f3806018612930941127f2a7c6c453ba2c527d2"

[[projects]]
  branch = "master"
  name = "github.com/prometheus/common"
  packages = ["expfmt","internal/bitbucket.org/ww/goautoneg","model"]
  revision = "1bab55dd05dbff384524a6a1c99006d9eb5f139b"

[[projects]]
  branch = "master"
  name = "github.com/prometheus/procfs"
  packages = [".","xfs"]
  revision = "e645f4e5aaa8506fc71d6edbc5c4ff02c04c46f2"

[[projects]]
  name = "github.com/rs/zerolog"
  packages = [".","internal/json","log"]
  revision = "3ac71fc58dbd43122668a912b755b0979ba9ce1f"
  version = "v1.3.0"

[solve-meta]
  analyzer-name = "dep"
  analyzer-version = 1
  inputs-digest = "ac6d65ba1a721dac613571f713c60910e8a9068fca8226267e0a1bd7943765fe"
  solver-name = "gps-cdcl"
  solver-version = 1
